// !$*UTF8*$!
{
	archiveVersion = 1;
	classes = {
	};
	objectVersion = 56;
	objects = {

/* Begin PBXBuildFile section */
		6380D5442B34B9A9003D168F /* main.cpp in Sources */ = {isa = PBXBuildFile; fileRef = 6380D5432B34B9A9003D168F /* main.cpp */; };
		6380D5502B34BD55003D168F /* roster.cpp in Sources */ = {isa = PBXBuildFile; fileRef = 6380D54E2B34BD55003D168F /* roster.cpp */; };
		6380D5522B390539003D168F /* student.cpp in Sources */ = {isa = PBXBuildFile; fileRef = 6380D54B2B34BA49003D168F /* student.cpp */; };
		6380D5582B394934003D168F /* degree.h in Sources */ = {isa = PBXBuildFile; fileRef = 6380D54A2B34B9E3003D168F /* degree.h */; };
		6380D5592B394937003D168F /* student.h in Sources */ = {isa = PBXBuildFile; fileRef = 6380D54C2B34BA49003D168F /* student.h */; };
		6380D55A2B39493C003D168F /* roster.h in Sources */ = {isa = PBXBuildFile; fileRef = 6380D54F2B34BD55003D168F /* roster.h */; };
/* End PBXBuildFile section */

/* Begin PBXCopyFilesBuildPhase section */
		6380D53E2B34B9A9003D168F /* CopyFiles */ = {
			isa = PBXCopyFilesBuildPhase;
			buildActionMask = 2147483647;
			dstPath = /usr/share/man/man1/;
			dstSubfolderSpec = 0;
			files = (
			);
			runOnlyForDeploymentPostprocessing = 1;
		};
/* End PBXCopyFilesBuildPhase section */

/* Begin PBXFileReference section */
		6380D5402B34B9A9003D168F /* Performance Assessment */ = {isa = PBXFileReference; explicitFileType = "compiled.mach-o.executable"; includeInIndex = 0; path = "Performance Assessment"; sourceTree = BUILT_PRODUCTS_DIR; };
		6380D5432B34B9A9003D168F /* main.cpp */ = {isa = PBXFileReference; lastKnownFileType = sourcecode.cpp.cpp; path = main.cpp; sourceTree = "<group>"; };
		6380D54A2B34B9E3003D168F /* degree.h */ = {isa = PBXFileReference; lastKnownFileType = sourcecode.c.h; path = degree.h; sourceTree = "<group>"; };
		6380D54B2B34BA49003D168F /* student.cpp */ = {isa = PBXFileReference; lastKnownFileType = sourcecode.cpp.cpp; path = student.cpp; sourceTree = "<group>"; xcLanguageSpecificationIdentifier = xcode.lang.cpp; };
		6380D54C2B34BA49003D168F /* student.h */ = {isa = PBXFileReference; lastKnownFileType = sourcecode.c.h; path = student.h; sourceTree = "<group>"; };
		6380D54E2B34BD55003D168F /* roster.cpp */ = {isa = PBXFileReference; lastKnownFileType = sourcecode.cpp.cpp; path = roster.cpp; sourceTree = "<group>"; };
		6380D54F2B34BD55003D168F /* roster.h */ = {isa = PBXFileReference; lastKnownFileType = sourcecode.c.h; path = roster.h; sourceTree = "<group>"; };
/* End PBXFileReference section */

/* Begin PBXFrameworksBuildPhase section */
		6380D53D2B34B9A9003D168F /* Frameworks */ = {
			isa = PBXFrameworksBuildPhase;
			buildActionMask = 2147483647;
			files = (
			);
			runOnlyForDeploymentPostprocessing = 0;
		};
/* End PBXFrameworksBuildPhase section */

/* Begin PBXGroup section */
		6380D5372B34B9A9003D168F = {
			isa = PBXGroup;
			children = (
				6380D5422B34B9A9003D168F /* Performance Assessment */,
				6380D5412B34B9A9003D168F /* Products */,
			);
			sourceTree = "<group>";
		};
		6380D5412B34B9A9003D168F /* Products */ = {
			isa = PBXGroup;
			children = (
				6380D5402B34B9A9003D168F /* Performance Assessment */,
			);
			name = Products;
			sourceTree = "<group>";
		};
		6380D5422B34B9A9003D168F /* Performance Assessment */ = {
			isa = PBXGroup;
			children = (
				6380D5432B34B9A9003D168F /* main.cpp */,
				6380D54A2B34B9E3003D168F /* degree.h */,
				6380D54B2B34BA49003D168F /* student.cpp */,
				6380D54C2B34BA49003D168F /* student.h */,
				6380D54E2B34BD55003D168F /* roster.cpp */,
				6380D54F2B34BD55003D168F /* roster.h */,
			);
			path = "Performance Assessment";
			sourceTree = "<group>";
		};
/* End PBXGroup section */

/* Begin PBXNativeTarget section */
		6380D53F2B34B9A9003D168F /* Performance Assessment */ = {
			isa = PBXNativeTarget;
			buildConfigurationList = 6380D5472B34B9A9003D168F /* Build configuration list for PBXNativeTarget "Performance Assessment" */;
			buildPhases = (
				6380D53C2B34B9A9003D168F /* Sources */,
				6380D53D2B34B9A9003D168F /* Frameworks */,
				6380D53E2B34B9A9003D168F /* CopyFiles */,
			);
			buildRules = (
			);
			dependencies = (
			);
			name = "Performance Assessment";
			productName = "Performance Assessment";
			productReference = 6380D5402B34B9A9003D168F /* Performance Assessment */;
			productType = "com.apple.product-type.tool";
		};
/* End PBXNativeTarget section */

/* Begin PBXProject section */
		6380D5382B34B9A9003D168F /* Project object */ = {
			isa = PBXProject;
			attributes = {
				BuildIndependentTargetsInParallel = 1;
				LastUpgradeCheck = 1510;
				TargetAttributes = {
					6380D53F2B34B9A9003D168F = {
						CreatedOnToolsVersion = 15.1;
					};
				};
			};
			buildConfigurationList = 6380D53B2B34B9A9003D168F /* Build configuration list for PBXProject "Performance Assessment" */;
			compatibilityVersion = "Xcode 14.0";
			developmentRegion = en;
			hasScannedForEncodings = 0;
			knownRegions = (
				en,
				Base,
			);
			mainGroup = 6380D5372B34B9A9003D168F;
			productRefGroup = 6380D5412B34B9A9003D168F /* Products */;
			projectDirPath = "";
			projectRoot = "";
			targets = (
				6380D53F2B34B9A9003D168F /* Performance Assessment */,
			);
		};
/* End PBXProject section */

/* Begin PBXSourcesBuildPhase section */
		6380D53C2B34B9A9003D168F /* Sources */ = {
			isa = PBXSourcesBuildPhase;
			buildActionMask = 2147483647;
			files = (
				6380D55A2B39493C003D168F /* roster.h in Sources */,
				6380D5592B394937003D168F /* student.h in Sources */,
				6380D5582B394934003D168F /* degree.h in Sources */,
				6380D5522B390539003D168F /* student.cpp in Sources */,
				6380D5502B34BD55003D168F /* roster.cpp in Sources */,
				6380D5442B34B9A9003D168F /* main.cpp in Sources */,
			);
			runOnlyForDeploymentPostprocessing = 0;
		};
/* End PBXSourcesBuildPhase section */

/* Begin XCBuildConfiguration section */
		6380D5452B34B9A9003D168F /* Debug */ = {
			isa = XCBuildConfiguration;
			buildSettings = {
				ALWAYS_SEARCH_USER_PATHS = NO;
				ASSETCATALOG_COMPILER_GENERATE_SWIFT_ASSET_SYMBOL_EXTENSIONS = YES;
				CLANG_ANALYZER_NONNULL = YES;
				CLANG_ANALYZER_NUMBER_OBJECT_CONVERSION = YES_AGGRESSIVE;
				CLANG_CXX_LANGUAGE_STANDARD = "gnu++20";
				CLANG_ENABLE_MODULES = YES;
				CLANG_ENABLE_OBJC_ARC = YES;
				CLANG_ENABLE_OBJC_WEAK = YES;
				CLANG_WARN_BLOCK_CAPTURE_AUTORELEASING = YES;
				CLANG_WARN_BOOL_CONVERSION = YES;
				CLANG_WARN_COMMA = YES;
				CLANG_WARN_CONSTANT_CONVERSION = YES;
				CLANG_WARN_DEPRECATED_OBJC_IMPLEMENTATIONS = YES;
				CLANG_WARN_DIRECT_OBJC_ISA_USAGE = YES_ERROR;
				CLANG_WARN_DOCUMENTATION_COMMENTS = YES;
				CLANG_WARN_EMPTY_BODY = YES;
				CLANG_WARN_ENUM_CONVERSION = YES;
				CLANG_WARN_INFINITE_RECURSION = YES;
				CLANG_WARN_INT_CONVERSION = YES;
				CLANG_WARN_NON_LITERAL_NULL_CONVERSION = YES;
				CLANG_WARN_OBJC_IMPLICIT_RETAIN_SELF = YES;
				CLANG_WARN_OBJC_LITERAL_CONVERSION = YES;
				CLANG_WARN_OBJC_ROOT_CLASS = YES_ERROR;
				CLANG_WARN_QUOTED_INCLUDE_IN_FRAMEWORK_HEADER = YES;
				CLANG_WARN_RANGE_LOOP_ANALYSIS = YES;
				CLANG_WARN_STRICT_PROTOTYPES = YES;
				CLANG_WARN_SUSPICIOUS_MOVE = YES;
				CLANG_WARN_UNGUARDED_AVAILABILITY = YES_AGGRESSIVE;
				CLANG_WARN_UNREACHABLE_CODE = YES;
				CLANG_WARN__DUPLICATE_METHOD_MATCH = YES;
				COPY_PHASE_STRIP = NO;
				DEBUG_INFORMATION_FORMAT = dwarf;
				ENABLE_STRICT_OBJC_MSGSEND = YES;
				ENABLE_TESTABILITY = YES;
				ENABLE_USER_SCRIPT_SANDBOXING = YES;
				GCC_C_LANGUAGE_STANDARD = gnu17;
				GCC_DYNAMIC_NO_PIC = NO;
				GCC_NO_COMMON_BLOCKS = YES;
				GCC_OPTIMIZATION_LEVEL = 0;
				GCC_PREPROCESSOR_DEFINITIONS = (
					"DEBUG=1",
					"$(inherited)",
				);
				GCC_WARN_64_TO_32_BIT_CONVERSION = YES;
				GCC_WARN_ABOUT_RETURN_TYPE = YES_ERROR;
				GCC_WARN_UNDECLARED_SELECTOR = YES;
				GCC_WARN_UNINITIALIZED_AUTOS = YES_AGGRESSIVE;
				GCC_WARN_UNUSED_FUNCTION = YES;
				GCC_WARN_UNUSED_VARIABLE = YES;
				LOCALIZATION_PREFERS_STRING_CATALOGS = YES;
				MACOSX_DEPLOYMENT_TARGET = 14.2;
				MTL_ENABLE_DEBUG_INFO = INCLUDE_SOURCE;
				MTL_FAST_MATH = YES;
				ONLY_ACTIVE_ARCH = YES;
				SDKROOT = macosx;
			};
			name = Debug;
		};
		6380D5462B34B9A9003D168F /* Release */ = {
			isa = XCBuildConfiguration;
			buildSettings = {
				ALWAYS_SEARCH_USER_PATHS = NO;
				ASSETCATALOG_COMPILER_GENERATE_SWIFT_ASSET_SYMBOL_EXTENSIONS = YES;
				CLANG_ANALYZER_NONNULL = YES;
				CLANG_ANALYZER_NUMBER_OBJECT_CONVERSION = YES_AGGRESSIVE;
				CLANG_CXX_LANGUAGE_STANDARD = "gnu++20";
				CLANG_ENABLE_MODULES = YES;
				CLANG_ENABLE_OBJC_ARC = YES;
				CLANG_ENABLE_OBJC_WEAK = YES;
				CLANG_WARN_BLOCK_CAPTURE_AUTORELEASING = YES;
				CLANG_WARN_BOOL_CONVERSION = YES;
				CLANG_WARN_COMMA = YES;
				CLANG_WARN_CONSTANT_CONVERSION = YES;
				CLANG_WARN_DEPRECATED_OBJC_IMPLEMENTATIONS = YES;
				CLANG_WARN_DIRECT_OBJC_ISA_USAGE = YES_ERROR;
				CLANG_WARN_DOCUMENTATION_COMMENTS = YES;
				CLANG_WARN_EMPTY_BODY = YES;
				CLANG_WARN_ENUM_CONVERSION = YES;
				CLANG_WARN_INFINITE_RECURSION = YES;
				CLANG_WARN_INT_CONVERSION = YES;
				CLANG_WARN_NON_LITERAL_NULL_CONVERSION = YES;
				CLANG_WARN_OBJC_IMPLICIT_RETAIN_SELF = YES;
				CLANG_WARN_OBJC_LITERAL_CONVERSION = YES;
				CLANG_WARN_OBJC_ROOT_CLASS = YES_ERROR;
				CLANG_WARN_QUOTED_INCLUDE_IN_FRAMEWORK_HEADER = YES;
				CLANG_WARN_RANGE_LOOP_ANALYSIS = YES;
				CLANG_WARN_STRICT_PROTOTYPES = YES;
				CLANG_WARN_SUSPICIOUS_MOVE = YES;
				CLANG_WARN_UNGUARDED_AVAILABILITY = YES_AGGRESSIVE;
				CLANG_WARN_UNREACHABLE_CODE = YES;
				CLANG_WARN__DUPLICATE_METHOD_MATCH = YES;
				COPY_PHASE_STRIP = NO;
				DEBUG_INFORMATION_FORMAT = "dwarf-with-dsym";
				ENABLE_NS_ASSERTIONS = NO;
				ENABLE_STRICT_OBJC_MSGSEND = YES;
				ENABLE_USER_SCRIPT_SANDBOXING = YES;
				GCC_C_LANGUAGE_STANDARD = gnu17;
				GCC_NO_COMMON_BLOCKS = YES;
				GCC_WARN_64_TO_32_BIT_CONVERSION = YES;
				GCC_WARN_ABOUT_RETURN_TYPE = YES_ERROR;
				GCC_WARN_UNDECLARED_SELECTOR = YES;
				GCC_WARN_UNINITIALIZED_AUTOS = YES_AGGRESSIVE;
				GCC_WARN_UNUSED_FUNCTION = YES;
				GCC_WARN_UNUSED_VARIABLE = YES;
				LOCALIZATION_PREFERS_STRING_CATALOGS = YES;
				MACOSX_DEPLOYMENT_TARGET = 14.2;
				MTL_ENABLE_DEBUG_INFO = NO;
				MTL_FAST_MATH = YES;
				SDKROOT = macosx;
			};
			name = Release;
		};
		6380D5482B34B9A9003D168F /* Debug */ = {
			isa = XCBuildConfiguration;
			buildSettings = {
				CODE_SIGN_STYLE = Automatic;
				OTHER_LDFLAGS = "";
				PRODUCT_NAME = "$(TARGET_NAME)";
			};
			name = Debug;
		};
		6380D5492B34B9A9003D168F /* Release */ = {
			isa = XCBuildConfiguration;
			buildSettings = {
				CODE_SIGN_STYLE = Automatic;
				OTHER_LDFLAGS = "";
				PRODUCT_NAME = "$(TARGET_NAME)";
			};
			name = Release;
		};
/* End XCBuildConfiguration section */

/* Begin XCConfigurationList section */
		6380D53B2B34B9A9003D168F /* Build configuration list for PBXProject "Performance Assessment" */ = {
			isa = XCConfigurationList;
			buildConfigurations = (
				6380D5452B34B9A9003D168F /* Debug */,
				6380D5462B34B9A9003D168F /* Release */,
			);
			defaultConfigurationIsVisible = 0;
			defaultConfigurationName = Release;
		};
		6380D5472B34B9A9003D168F /* Build configuration list for PBXNativeTarget "Performance Assessment" */ = {
			isa = XCConfigurationList;
			buildConfigurations = (
				6380D5482B34B9A9003D168F /* Debug */,
				6380D5492B34B9A9003D168F /* Release */,
			);
			defaultConfigurationIsVisible = 0;
			defaultConfigurationName = Release;
		};
/* End XCConfigurationList section */
	};
	rootObject = 6380D5382B34B9A9003D168F /* Project object */;
}
